{
  "name": "workspaces",
  "version": "1.0.0",
  "lockfileVersion": 3,
  "requires": true,
  "packages": {
    "": {
      "name": "workspaces",
      "version": "1.0.0",
      "license": "ISC",
      "workspaces": [
        "packages/*"
      ]
    },
    "node_modules/@myorg/my-lib": {
      "resolved": "packages/my-lib",
      "link": true
    },
    "packages/my-lib": {
      "name": "@myorg/my-lib",
      "version": "1.0.0",
      "license": "ISC"
    }
  }
}
